
Microsoft Visual Studio Solution File, Format Version 12.00
# Visual Studio Version 16
VisualStudioVersion = 16.0.31313.79
MinimumVisualStudioVersion = 10.0.40219.1
Project("{FAE04EC0-301F-11D3-BF4B-00C04F79EFBC}") = "team", "WebApplication1\team.csproj", "{A443E0EB-8918-40C5-8EFB-DAC309C059CD}"
EndProject
Global
	GlobalSection(SolutionConfigurationPlatforms) = preSolution
		Debug|Any CPU = Debug|Any CPU
		Release|Any CPU = Release|Any CPU
	EndGlobalSection
	GlobalSection(ProjectConfigurationPlatforms) = postSolution
		{A443E0EB-8918-40C5-8EFB-DAC309C059CD}.Debug|Any CPU.ActiveCfg = Debug|Any CPU
		{A443E0EB-8918-40C5-8EFB-DAC309C059CD}.Debug|Any CPU.Build.0 = Debug|Any CPU
		{A443E0EB-8918-40C5-8EFB-DAC309C059CD}.Release|Any CPU.ActiveCfg = Release|Any CPU
		{A443E0EB-8918-40C5-8EFB-DAC309C059CD}.Release|Any CPU.Build.0 = Release|Any CPU
	EndGlobalSection
	GlobalSection(SolutionProperties) = preSolution
		HideSolutionNode = FALSE
	EndGlobalSection
	GlobalSection(ExtensibilityGlobals) = postSolution
		SolutionGuid = {74184343-A2A7-44FB-B6FA-228469710A63}
	EndGlobalSection
EndGlobal
